# THIS IS AN AUTOGENERATED FILE. DO NOT EDIT THIS FILE DIRECTLY.
# yarn lockfile v1


"@aws-cdk/assets@1.182.0":
  version "1.182.0"
  resolved "https://registry.yarnpkg.com/@aws-cdk/assets/-/assets-1.182.0.tgz#131847b85883331fa19bb38cc0f8d94150f5de05"
  integrity sha512-a4HFCZuaBjuGw9IG9Ax6M/dUVx7AkLAVUsDRLESOodh0n1OJaoXYKYwxU9CNGB8tqqOPyzY5vcngcG/L6lcelw==
  dependencies:
    "@aws-cdk/core" "1.182.0"
    "@aws-cdk/cx-api" "1.182.0"
    constructs "^3.3.69"

"@aws-cdk/aws-applicationautoscaling@1.182.0":
  version "1.182.0"
  resolved "https://registry.yarnpkg.com/@aws-cdk/aws-applicationautoscaling/-/aws-applicationautoscaling-1.182.0.tgz#e022b5e2be69fe74385345d9dc6c15e237def5d6"
  integrity sha512-clcqRhGc0n6r902ZXzV0CmwggHIpzhT2Whr2WNieB8OQ4Im7pj+FBihZqkVbaiytizRcXJDhtlqu/wVDcTATjQ==
  dependencies:
    "@aws-cdk/aws-autoscaling-common" "1.182.0"
    "@aws-cdk/aws-cloudwatch" "1.182.0"
    "@aws-cdk/aws-iam" "1.182.0"
    "@aws-cdk/core" "1.182.0"
    constructs "^3.3.69"

"@aws-cdk/aws-autoscaling-common@1.182.0":
  version "1.182.0"
  resolved "https://registry.yarnpkg.com/@aws-cdk/aws-autoscaling-common/-/aws-autoscaling-common-1.182.0.tgz#3f6d2cac37c56def5a0e033c408a3811cd169572"
  integrity sha512-4HZvkdICFG3sjnb47wiuhcfQTm0WpGk6RJN7HCo0mLxeGzOWHn1Haseq73f3AOGA/zwrOqGVoub19P2TB7Kh1g==
  dependencies:
    "@aws-cdk/aws-iam" "1.182.0"
    "@aws-cdk/core" "1.182.0"
    constructs "^3.3.69"

"@aws-cdk/aws-cloudwatch@1.182.0":
  version "1.182.0"
  resolved "https://registry.yarnpkg.com/@aws-cdk/aws-cloudwatch/-/aws-cloudwatch-1.182.0.tgz#3cda8908b78af22d708702374f1cdf3cbea2e6d2"
  integrity sha512-3ewGN3QSYF5jHyrVHPX0to5EqorFRP5GMxIE3IxEd+DiUFjszDtMCgPFURaIt1zUC+Vz/RgcBkA0FPdvR0p5tg==
  dependencies:
    "@aws-cdk/aws-iam" "1.182.0"
    "@aws-cdk/core" "1.182.0"
    constructs "^3.3.69"

"@aws-cdk/aws-codeguruprofiler@1.182.0":
  version "1.182.0"
  resolved "https://registry.yarnpkg.com/@aws-cdk/aws-codeguruprofiler/-/aws-codeguruprofiler-1.182.0.tgz#d7e0b55065e5af214d9b0633b3fa411196f5b769"
  integrity sha512-edtTLPzSiolw6UoyLkCSkU1PC0tDPXsznsPcnw1jNqvvhapBcni8JAT3a/OxLfo+4mOubeqGJmc1/6GX+vT+VA==
  dependencies:
    "@aws-cdk/aws-iam" "1.182.0"
    "@aws-cdk/core" "1.182.0"
    constructs "^3.3.69"

"@aws-cdk/aws-codestarnotifications@1.182.0":
  version "1.182.0"
  resolved "https://registry.yarnpkg.com/@aws-cdk/aws-codestarnotifications/-/aws-codestarnotifications-1.182.0.tgz#a99e2d82565c37e5e6677aeb911201d89cc755e9"
  integrity sha512-x4W8fYjaXiBxgM7fcudPLldDZaBSxedOAAoot0qbdsqyLGX71hkyUlz/Fsb8CgGJ4hV86s/wHHIxsJu1ZZOOiQ==
  dependencies:
    "@aws-cdk/core" "1.182.0"
    constructs "^3.3.69"

"@aws-cdk/aws-ec2@1.182.0":
  version "1.182.0"
  resolved "https://registry.yarnpkg.com/@aws-cdk/aws-ec2/-/aws-ec2-1.182.0.tgz#969ecfed98b168cd93ee33fd7adfe5902c944a3b"
  integrity sha512-H6rfGRHJHSFAXXfn8F/jofYlo4gvediXktIULSQKbWsJeyhdms/EyIvmzmLu47uGGiR9029sb38CXXqoXHPC0Q==
  dependencies:
    "@aws-cdk/aws-cloudwatch" "1.182.0"
    "@aws-cdk/aws-iam" "1.182.0"
    "@aws-cdk/aws-kms" "1.182.0"
    "@aws-cdk/aws-logs" "1.182.0"
    "@aws-cdk/aws-s3" "1.182.0"
    "@aws-cdk/aws-s3-assets" "1.182.0"
    "@aws-cdk/aws-ssm" "1.182.0"
    "@aws-cdk/cloud-assembly-schema" "1.182.0"
    "@aws-cdk/core" "1.182.0"
    "@aws-cdk/cx-api" "1.182.0"
    "@aws-cdk/region-info" "1.182.0"
    constructs "^3.3.69"

"@aws-cdk/aws-ecr-assets@1.182.0":
  version "1.182.0"
  resolved "https://registry.yarnpkg.com/@aws-cdk/aws-ecr-assets/-/aws-ecr-assets-1.182.0.tgz#abfd526201281c45bea505991bba7e1f5722e51c"
  integrity sha512-Q+3TfDBz1Jdmbr9xk6Y/7+JZaQV8fh2tzw/900RHEoT3Kx40tEJOWneZexuFpKvKfnQy1zTYJ+DSJtc9BRmD0g==
  dependencies:
    "@aws-cdk/assets" "1.182.0"
    "@aws-cdk/aws-ecr" "1.182.0"
    "@aws-cdk/aws-iam" "1.182.0"
    "@aws-cdk/aws-s3" "1.182.0"
    "@aws-cdk/core" "1.182.0"
    "@aws-cdk/cx-api" "1.182.0"
    constructs "^3.3.69"

"@aws-cdk/aws-ecr@1.182.0":
  version "1.182.0"
  resolved "https://registry.yarnpkg.com/@aws-cdk/aws-ecr/-/aws-ecr-1.182.0.tgz#31e1f4608f4c98c6699a2b3cb885ae4b53d8e7b3"
  integrity sha512-bxEaf3ipIEHDqEeTFIdwtOaslhW9GHPgpUX6aRtjd+RBIz2ZYxVhvgBXokZ1L77uY/Bhqje77s9AqXHYMe8i8Q==
  dependencies:
    "@aws-cdk/aws-events" "1.182.0"
    "@aws-cdk/aws-iam" "1.182.0"
    "@aws-cdk/aws-kms" "1.182.0"
    "@aws-cdk/core" "1.182.0"
    constructs "^3.3.69"

"@aws-cdk/aws-efs@1.182.0":
  version "1.182.0"
  resolved "https://registry.yarnpkg.com/@aws-cdk/aws-efs/-/aws-efs-1.182.0.tgz#d3d3db62aecc0ec81b3e7776ba1b2cccbdff4bae"
  integrity sha512-/Qz3oix5qNMl+DAI0kD88a0Dcf+IXYdZ/zewmt7iyW52YY+ZZYTGXmS+uMa4U7LkNuqRS7fkBa5eZm18MLhQFw==
  dependencies:
    "@aws-cdk/aws-ec2" "1.182.0"
    "@aws-cdk/aws-iam" "1.182.0"
    "@aws-cdk/aws-kms" "1.182.0"
    "@aws-cdk/cloud-assembly-schema" "1.182.0"
    "@aws-cdk/core" "1.182.0"
    "@aws-cdk/cx-api" "1.182.0"
    constructs "^3.3.69"

"@aws-cdk/aws-events@1.182.0":
  version "1.182.0"
  resolved "https://registry.yarnpkg.com/@aws-cdk/aws-events/-/aws-events-1.182.0.tgz#0fc217e9f8f6936a98a27256af94e553daf641d7"
  integrity sha512-jffV3jVMcRFV4B1LFLbiv5efE3KCC7Ea4pL/pP4ysU02xJjUoi3UjpQKRIs0VAWligG34CBv3DgTO5pcVzy47A==
  dependencies:
    "@aws-cdk/aws-iam" "1.182.0"
    "@aws-cdk/core" "1.182.0"
    constructs "^3.3.69"

"@aws-cdk/aws-iam@1.182.0", "@aws-cdk/aws-iam@^1.16.2":
  version "1.182.0"
  resolved "https://registry.yarnpkg.com/@aws-cdk/aws-iam/-/aws-iam-1.182.0.tgz#d5f4e7503da9bdbe37b2f7ef37c512fdd055024c"
  integrity sha512-e4huUyP/Dh+GBPFO3Az5hoa0dzULbnrYqtgG9lfJ6MniKX16Qbn4lPwNmS79kUQWRHT6K1gOzQFgE/lsR2LgYw==
  dependencies:
    "@aws-cdk/core" "1.182.0"
    "@aws-cdk/cx-api" "1.182.0"
    "@aws-cdk/region-info" "1.182.0"
    constructs "^3.3.69"

"@aws-cdk/aws-kms@1.182.0":
  version "1.182.0"
  resolved "https://registry.yarnpkg.com/@aws-cdk/aws-kms/-/aws-kms-1.182.0.tgz#fac737294e973a97d7467e49eed7b93584b0fcac"
  integrity sha512-Mqq85PXai3VtEnz9IsSXF4S0xCr4lukuKx5onXMwFXmcdxhVt7O6ZDC33AA4Dr9jukjYkuJv6Ulf586sfub2sA==
  dependencies:
    "@aws-cdk/aws-iam" "1.182.0"
    "@aws-cdk/cloud-assembly-schema" "1.182.0"
    "@aws-cdk/core" "1.182.0"
    "@aws-cdk/cx-api" "1.182.0"
    constructs "^3.3.69"

"@aws-cdk/aws-lambda@^1.182.0":
  version "1.182.0"
  resolved "https://registry.yarnpkg.com/@aws-cdk/aws-lambda/-/aws-lambda-1.182.0.tgz#ce066aadd1fa403a6ed172865e7205ca1cde8bbe"
  integrity sha512-ipKAbTd+9zlt0m5wT4fnrzeAVbXH8BxiudJf2n/Pbo9nKLRN/kWGPz2sOT18+YSqkO79lsyXHJw0K1nTTMw5MQ==
  dependencies:
    "@aws-cdk/aws-applicationautoscaling" "1.182.0"
    "@aws-cdk/aws-cloudwatch" "1.182.0"
    "@aws-cdk/aws-codeguruprofiler" "1.182.0"
    "@aws-cdk/aws-ec2" "1.182.0"
    "@aws-cdk/aws-ecr" "1.182.0"
    "@aws-cdk/aws-ecr-assets" "1.182.0"
    "@aws-cdk/aws-efs" "1.182.0"
    "@aws-cdk/aws-events" "1.182.0"
    "@aws-cdk/aws-iam" "1.182.0"
    "@aws-cdk/aws-kms" "1.182.0"
    "@aws-cdk/aws-logs" "1.182.0"
    "@aws-cdk/aws-s3" "1.182.0"
    "@aws-cdk/aws-s3-assets" "1.182.0"
    "@aws-cdk/aws-signer" "1.182.0"
    "@aws-cdk/aws-sns" "1.182.0"
    "@aws-cdk/aws-sqs" "1.182.0"
    "@aws-cdk/core" "1.182.0"
    "@aws-cdk/cx-api" "1.182.0"
    "@aws-cdk/region-info" "1.182.0"
    constructs "^3.3.69"

"@aws-cdk/aws-logs@1.182.0":
  version "1.182.0"
  resolved "https://registry.yarnpkg.com/@aws-cdk/aws-logs/-/aws-logs-1.182.0.tgz#b83869e577b95b3e9442c81f0a63c3d78f833824"
  integrity sha512-nN+mD5ygNNvsgUnJPs4xVGQsnJCWIWJnhacqpimh6HMN7YjiARxwSdcJUcP5lKu46NWOvuHGgIF9m6CfFqtaLg==
  dependencies:
    "@aws-cdk/aws-cloudwatch" "1.182.0"
    "@aws-cdk/aws-iam" "1.182.0"
    "@aws-cdk/aws-kms" "1.182.0"
    "@aws-cdk/aws-s3-assets" "1.182.0"
    "@aws-cdk/core" "1.182.0"
    "@aws-cdk/cx-api" "1.182.0"
    constructs "^3.3.69"

"@aws-cdk/aws-s3-assets@1.182.0":
  version "1.182.0"
  resolved "https://registry.yarnpkg.com/@aws-cdk/aws-s3-assets/-/aws-s3-assets-1.182.0.tgz#905c6c9e7352c558baa0f0d3ae48923778cad7dd"
  integrity sha512-feOjjLw6DhWmfsdsVFhkR4fR8c4DDl2XAGpoifqyU2V+o3eUUPyBpf5CYwHc4kYv1hawruBjKvoH+h+evRpIrg==
  dependencies:
    "@aws-cdk/assets" "1.182.0"
    "@aws-cdk/aws-iam" "1.182.0"
    "@aws-cdk/aws-kms" "1.182.0"
    "@aws-cdk/aws-s3" "1.182.0"
    "@aws-cdk/core" "1.182.0"
    "@aws-cdk/cx-api" "1.182.0"
    constructs "^3.3.69"

"@aws-cdk/aws-s3@1.182.0", "@aws-cdk/aws-s3@^1.16.2":
  version "1.182.0"
  resolved "https://registry.yarnpkg.com/@aws-cdk/aws-s3/-/aws-s3-1.182.0.tgz#caff54059433a8725a7316990e3251a0b8314d44"
  integrity sha512-i/Gdt/ra6vqAB2dEP6CA7fHT9bqgg/bdvwOSa6QpN/B/PCenh3IvtZZIaIXvU2vAtz47cvYCEsoTBxxK/2RWPQ==
  dependencies:
    "@aws-cdk/aws-events" "1.182.0"
    "@aws-cdk/aws-iam" "1.182.0"
    "@aws-cdk/aws-kms" "1.182.0"
    "@aws-cdk/core" "1.182.0"
    "@aws-cdk/cx-api" "1.182.0"
    constructs "^3.3.69"

"@aws-cdk/aws-signer@1.182.0":
  version "1.182.0"
  resolved "https://registry.yarnpkg.com/@aws-cdk/aws-signer/-/aws-signer-1.182.0.tgz#4eb9ec48975c50aceba23d1f6a3aa8dde958eddb"
  integrity sha512-S/aueBQ4g/cJYTg8gqT+kPoq9Px9Pip0Ff4m3Pt3o4qZgB+UHRwbTgMQVzH/0FzZXbiOqowkaSAwZICKfdMIsQ==
  dependencies:
    "@aws-cdk/core" "1.182.0"
    constructs "^3.3.69"

"@aws-cdk/aws-sns@1.182.0":
  version "1.182.0"
  resolved "https://registry.yarnpkg.com/@aws-cdk/aws-sns/-/aws-sns-1.182.0.tgz#6900f5babed525dc1d08982c4aba4e465dec3da7"
  integrity sha512-PKPLmdLi8Uyhp71UeL870ThS0+dtdfHjOBELKh9nEggXzFPuhjEhQxFHjT/046zj1boaF3Htz9c4/1Z0AEgxMg==
  dependencies:
    "@aws-cdk/aws-cloudwatch" "1.182.0"
    "@aws-cdk/aws-codestarnotifications" "1.182.0"
    "@aws-cdk/aws-events" "1.182.0"
    "@aws-cdk/aws-iam" "1.182.0"
    "@aws-cdk/aws-kms" "1.182.0"
    "@aws-cdk/aws-sqs" "1.182.0"
    "@aws-cdk/core" "1.182.0"
    constructs "^3.3.69"

"@aws-cdk/aws-sqs@1.182.0":
  version "1.182.0"
  resolved "https://registry.yarnpkg.com/@aws-cdk/aws-sqs/-/aws-sqs-1.182.0.tgz#d91d287d26974935cae86ce7d96d97042ca9ff62"
  integrity sha512-QH2PsJjZitsxKEdcBucydefhYcttfbZmCQuGCNEJp0EiexYaLhKF5CxVZh3cxurHPhejsqtJlgGvyerx6bdvwA==
  dependencies:
    "@aws-cdk/aws-cloudwatch" "1.182.0"
    "@aws-cdk/aws-iam" "1.182.0"
    "@aws-cdk/aws-kms" "1.182.0"
    "@aws-cdk/core" "1.182.0"
    constructs "^3.3.69"

"@aws-cdk/aws-ssm@1.182.0":
  version "1.182.0"
  resolved "https://registry.yarnpkg.com/@aws-cdk/aws-ssm/-/aws-ssm-1.182.0.tgz#6f711f532e2cc2a2713d01bfd50364bb0d850871"
  integrity sha512-zTV40jeJMIWK1oT/fIuDzn5nhb9APBeWUZSA9+o1tgqBmjCF77szivzILXHLponEbcT14Lddrqt3k3zD12rb3w==
  dependencies:
    "@aws-cdk/aws-iam" "1.182.0"
    "@aws-cdk/aws-kms" "1.182.0"
    "@aws-cdk/cloud-assembly-schema" "1.182.0"
    "@aws-cdk/core" "1.182.0"
    constructs "^3.3.69"

"@aws-cdk/cloud-assembly-schema@1.182.0":
  version "1.182.0"
  resolved "https://registry.yarnpkg.com/@aws-cdk/cloud-assembly-schema/-/cloud-assembly-schema-1.182.0.tgz#1761cbc45ce58067db2202cff9f5e1674e1bb335"
  integrity sha512-ZevTQ0qnpZpdVN503Au0TugVLl6SD24r9zZzBUOKFxbV47LCwr2hexKat/wQKMCUrtQ8MEQP6DzdcbM51XBmdg==
  dependencies:
    jsonschema "^1.4.1"
    semver "^7.3.8"

"@aws-cdk/core@1.182.0", "@aws-cdk/core@^1.0.0":
  version "1.182.0"
  resolved "https://registry.yarnpkg.com/@aws-cdk/core/-/core-1.182.0.tgz#94accbd11a13d84d2d9214a7117dd96eb6cd855b"
  integrity sha512-tZh7Cn2d913A6I4V7f6MLCQEnVCIiNWlhvNJqLtHkuetN1d/a+riyqRIS68NvJVljENIjUVFOAY+ePpIKltqQg==
  dependencies:
    "@aws-cdk/cloud-assembly-schema" "1.182.0"
    "@aws-cdk/cx-api" "1.182.0"
    "@aws-cdk/region-info" "1.182.0"
    "@balena/dockerignore" "^1.0.2"
    constructs "^3.3.69"
    fs-extra "^9.1.0"
    ignore "^5.2.0"
    minimatch "^3.1.2"

"@aws-cdk/cx-api@1.182.0":
  version "1.182.0"
  resolved "https://registry.yarnpkg.com/@aws-cdk/cx-api/-/cx-api-1.182.0.tgz#3da8c7b4f144d71576f11124b0b0824bee01383a"
  integrity sha512-LxgCtILk2iAls155GiE7VdM0zTow/uURQkrT1iMGqt4CLTtZ1W+sIomR7lM28CiBNdEqMKu+TaHmYPqXtis8kQ==
  dependencies:
    "@aws-cdk/cloud-assembly-schema" "1.182.0"
    semver "^7.3.8"

"@aws-cdk/region-info@1.182.0":
  version "1.182.0"
  resolved "https://registry.yarnpkg.com/@aws-cdk/region-info/-/region-info-1.182.0.tgz#00379cb87270426513e14475d90ba5e790e8ad2b"
  integrity sha512-H6KtVOHHsrlPO5sRs21iZmWGyFKziPyI552tHC7B7fOisxHpd+pnPLHJI/WC52wko5JizQ5wjbvR+r6cul9Diw==

"@balena/dockerignore@^1.0.2":
  version "1.0.2"
  resolved "https://registry.yarnpkg.com/@balena/dockerignore/-/dockerignore-1.0.2.tgz#9ffe4726915251e8eb69f44ef3547e0da2c03e0d"
  integrity sha512-wMue2Sy4GAVTk6Ic4tJVcnfdau+gx2EnG7S+uAEe+TWJFqE4YoWN4/H8MSLj4eYJKxGg26lZwboEniNiNwZQ6Q==

"@types/node@^12.12.7":
  version "12.12.7"
  resolved "https://registry.yarnpkg.com/@types/node/-/node-12.12.7.tgz#01e4ea724d9e3bd50d90c11fd5980ba317d8fa11"
  integrity sha512-E6Zn0rffhgd130zbCbAr/JdXfXkoOUFAKNs/rF8qnafSJ8KYaA/j3oz7dcwal+lYjLA7xvdd5J4wdYpCTlP8+w==

arg@^4.1.0:
  version "4.1.1"
  resolved "https://registry.yarnpkg.com/arg/-/arg-4.1.1.tgz#485f8e7c390ce4c5f78257dbea80d4be11feda4c"
  integrity sha512-SlmP3fEA88MBv0PypnXZ8ZfJhwmDeIE3SP71j37AiXQBXYosPV0x6uISAaHYSlSVhmHOVkomen0tbGk6Anlebw==

at-least-node@^1.0.0:
  version "1.0.0"
  resolved "https://registry.yarnpkg.com/at-least-node/-/at-least-node-1.0.0.tgz#602cd4b46e844ad4effc92a8011a3c46e0238dc2"
  integrity sha512-+q/t7Ekv1EDY2l6Gda6LLiX14rU9TV20Wa3ofeQmwPFZbOMo9DXrLbOjFaaclkXKWidIaopwAObQDqwWtGUjqg==

aws-cdk@^1.198.1:
  version "1.198.1"
  resolved "https://registry.yarnpkg.com/aws-cdk/-/aws-cdk-1.198.1.tgz#d57dde4e1eca23d2c5028591e3489046382cee85"
  integrity sha512-q1E6dA/9poRDbBr0pbw4ULYoqKh58LZwET2RlY5X+C25PVMPbXC+8ir+Mezdu+cuEKUPYjjV3+V+8Q3yZlb7zA==
  optionalDependencies:
    fsevents "2.3.2"

balanced-match@^1.0.0:
  version "1.0.0"
  resolved "https://registry.yarnpkg.com/balanced-match/-/balanced-match-1.0.0.tgz#89b4d199ab2bee49de164ea02b89ce462d71b767"
  integrity sha1-ibTRmasr7kneFk6gK4nORi1xt2c=

brace-expansion@^1.1.7:
  version "1.1.11"
  resolved "https://registry.yarnpkg.com/brace-expansion/-/brace-expansion-1.1.11.tgz#3c7fcbf529d87226f3d2f52b966ff5271eb441dd"
  integrity sha512-iCuPHDFgrHX7H2vEI/5xpz07zSHB00TpugqhmYtVmMO6518mCuRMoOYFldEBl0g187ufozdaHgWKcYFb61qGiA==
  dependencies:
    balanced-match "^1.0.0"
    concat-map "0.0.1"

buffer-from@^1.0.0:
  version "1.1.1"
  resolved "https://registry.yarnpkg.com/buffer-from/-/buffer-from-1.1.1.tgz#32713bc028f75c02fdb710d7c7bcec1f2c6070ef"
  integrity sha512-MQcXEUbCKtEo7bhqEs6560Hyd4XaovZlO/k9V3hjVUF/zwW7KBVdSK4gIt/bzwS9MbR5qob+F5jusZsb0YQK2A==

concat-map@0.0.1:
  version "0.0.1"
  resolved "https://registry.yarnpkg.com/concat-map/-/concat-map-0.0.1.tgz#d8a96bd77fd68df7793a73036a3ba0d5405d477b"
  integrity sha1-2Klr13/Wjfd5OnMDajug1UBdR3s=

constructs@^3.3.69:
  version "3.4.180"
  resolved "https://registry.yarnpkg.com/constructs/-/constructs-3.4.180.tgz#01fee37ec89e2555a2c0acb92ce61e5451cd9ebd"
  integrity sha512-Vi5IpPn0vy6Uc66MfXYA2jqG3W47mcQiay3NSrhAPcwqwZgVeCi6lbUfChmphThgxxwTffa9Jd8VAxqIezYugQ==

diff@^4.0.1:
  version "4.0.1"
  resolved "https://registry.yarnpkg.com/diff/-/diff-4.0.1.tgz#0c667cb467ebbb5cea7f14f135cc2dba7780a8ff"
  integrity sha512-s2+XdvhPCOF01LRQBC8hf4vhbVmI2CGS5aZnxLJlT5FtdhPCDFq80q++zK2KlrVorVDdL5BOGZ/VfLrVtYNF+Q==

fs-extra@^9.1.0:
  version "9.1.0"
  resolved "https://registry.yarnpkg.com/fs-extra/-/fs-extra-9.1.0.tgz#5954460c764a8da2094ba3554bf839e6b9a7c86d"
  integrity sha512-hcg3ZmepS30/7BSFqRvoo3DOMQu7IjqxO5nCDt+zM9XWjb33Wg7ziNT+Qvqbuc3+gWpzO02JubVyk2G4Zvo1OQ==
  dependencies:
    at-least-node "^1.0.0"
    graceful-fs "^4.2.0"
    jsonfile "^6.0.1"
    universalify "^2.0.0"

fsevents@2.3.2:
  version "2.3.2"
  resolved "https://registry.yarnpkg.com/fsevents/-/fsevents-2.3.2.tgz#8a526f78b8fdf4623b709e0b975c52c24c02fd1a"
  integrity sha512-xiqMQR4xAeHTuB9uWm+fFRcIOgKBMiOBP+eXiyT7jsgVCq1bkVygt00oASowB7EdtpOHaaPgKt812P9ab+DDKA==

graceful-fs@^4.1.6, graceful-fs@^4.2.0:
  version "4.2.3"
  resolved "https://registry.yarnpkg.com/graceful-fs/-/graceful-fs-4.2.3.tgz#4a12ff1b60376ef09862c2093edd908328be8423"
  integrity sha512-a30VEBm4PEdx1dRB7MFK7BejejvCvBronbLjht+sHuGYj8PHs7M/5Z+rt5lw551vZ7yfTCj4Vuyy3mSJytDWRQ==

ignore@^5.2.0:
  version "5.2.1"
  resolved "https://registry.yarnpkg.com/ignore/-/ignore-5.2.1.tgz#c2b1f76cb999ede1502f3a226a9310fdfe88d46c"
  integrity sha512-d2qQLzTJ9WxQftPAuEQpSPmKqzxePjzVbpAVv62AQ64NTL+wR4JkrVqR/LqFsFEUsHDAiId52mJteHDFuDkElA==

jsonfile@^6.0.1:
  version "6.1.0"
  resolved "https://registry.yarnpkg.com/jsonfile/-/jsonfile-6.1.0.tgz#bc55b2634793c679ec6403094eb13698a6ec0aae"
  integrity sha512-5dgndWOriYSm5cnYaJNhalLNDKOqFwyDB/rr1E9ZsGciGvKPs8R2xYGCacuf3z6K1YKDz182fd+fY3cn3pMqXQ==
  dependencies:
    universalify "^2.0.0"
  optionalDependencies:
    graceful-fs "^4.1.6"

jsonschema@^1.4.1:
  version "1.4.1"
  resolved "https://registry.yarnpkg.com/jsonschema/-/jsonschema-1.4.1.tgz#cc4c3f0077fb4542982973d8a083b6b34f482dab"
  integrity sha512-S6cATIPVv1z0IlxdN+zUk5EPjkGCdnhN4wVSBlvoUO1tOLJootbo9CquNJmbIh4yikWHiUedhRYrNPn1arpEmQ==

lru-cache@^6.0.0:
  version "6.0.0"
  resolved "https://registry.yarnpkg.com/lru-cache/-/lru-cache-6.0.0.tgz#6d6fe6570ebd96aaf90fcad1dafa3b2566db3a94"
  integrity sha512-Jo6dJ04CmSjuznwJSS3pUeWmd/H0ffTlkXXgwZi+eq1UCmqQwCh+eLsYOYCwY991i2Fah4h1BEMCx4qThGbsiA==
  dependencies:
    yallist "^4.0.0"

make-error@^1.1.1:
  version "1.3.5"
  resolved "https://registry.yarnpkg.com/make-error/-/make-error-1.3.5.tgz#efe4e81f6db28cadd605c70f29c831b58ef776c8"
  integrity sha512-c3sIjNUow0+8swNwVpqoH4YCShKNFkMaw6oH1mNS2haDZQqkeZFlHS3dhoeEbKKmJB4vXpJucU6oH75aDYeE9g==

minimatch@^3.1.2:
  version "3.1.2"
  resolved "https://registry.yarnpkg.com/minimatch/-/minimatch-3.1.2.tgz#19cd194bfd3e428f049a70817c038d89ab4be35b"
  integrity sha512-J7p63hRiAjw1NDEww1W7i37+ByIrOWO5XQQAzZ3VOcL0PNybwpfmV/N05zFAzwQ9USyEcX6t3UO+K5aqBQOIHw==
  dependencies:
    brace-expansion "^1.1.7"

semver@^7.3.8:
  version "7.3.8"
  resolved "https://registry.yarnpkg.com/semver/-/semver-7.3.8.tgz#07a78feafb3f7b32347d725e33de7e2a2df67798"
  integrity sha512-NB1ctGL5rlHrPJtFDVIVzTyQylMLu9N9VICA6HSFJo8MCGVTMW6gfpicwKmmK/dAjTOrqu5l63JJOpDSrAis3A==
  dependencies:
    lru-cache "^6.0.0"

source-map-support@^0.5.6, source-map-support@^0.5.9:
  version "0.5.16"
  resolved "https://registry.yarnpkg.com/source-map-support/-/source-map-support-0.5.16.tgz#0ae069e7fe3ba7538c64c98515e35339eac5a042"
  integrity sha512-efyLRJDr68D9hBBNIPWFjhpFzURh+KJykQwvMyW5UiZzYwoF6l4YMMDIJJEyFWxWCqfyxLzz6tSfUFR+kXXsVQ==
  dependencies:
    buffer-from "^1.0.0"
    source-map "^0.6.0"

source-map@^0.6.0:
  version "0.6.1"
  resolved "https://registry.yarnpkg.com/source-map/-/source-map-0.6.1.tgz#74722af32e9614e9c287a8d0bbde48b5e2f1a263"
  integrity sha512-UjgapumWlbMhkBgzT7Ykc5YXUT46F0iKu8SGXq0bcwP5dz/h0Plj6enJqjz1Zbq2l5WaqYnrVbwWOWMyF3F47g==

ts-node@^8.1.0:
  version "8.5.0"
  resolved "https://registry.yarnpkg.com/ts-node/-/ts-node-8.5.0.tgz#bc7d5a39133d222bf25b1693651e4d893785f884"
  integrity sha512-fbG32iZEupNV2E2Fd2m2yt1TdAwR3GTCrJQBHDevIiEBNy1A8kqnyl1fv7jmRmmbtcapFab2glZXHJvfD1ed0Q==
  dependencies:
    arg "^4.1.0"
    diff "^4.0.1"
    make-error "^1.1.1"
    source-map-support "^0.5.6"
    yn "^3.0.0"

typescript@^3.3.3333:
  version "3.7.2"
  resolved "https://registry.yarnpkg.com/typescript/-/typescript-3.7.2.tgz#27e489b95fa5909445e9fef5ee48d81697ad18fb"
  integrity sha512-ml7V7JfiN2Xwvcer+XAf2csGO1bPBdRbFCkYBczNZggrBZ9c7G3riSUeJmqEU5uOtXNPMhE3n+R4FA/3YOAWOQ==

universalify@^2.0.0:
  version "2.0.0"
  resolved "https://registry.yarnpkg.com/universalify/-/universalify-2.0.0.tgz#75a4984efedc4b08975c5aeb73f530d02df25717"
  integrity sha512-hAZsKq7Yy11Zu1DE0OzWjw7nnLZmJZYTDZZyEFHZdUhV8FkH5MCfoU1XMaxXovpyW5nq5scPqq0ZDP9Zyl04oQ==

yallist@^4.0.0:
  version "4.0.0"
  resolved "https://registry.yarnpkg.com/yallist/-/yallist-4.0.0.tgz#9bb92790d9c0effec63be73519e11a35019a3a72"
  integrity sha512-3wdGidZyq5PB084XLES5TpOSRA3wjXAlIWMhum2kRcv/41Sn2emQ0dycQW4uZXLejwKvg6EsvbdlVL+FYEct7A==

yn@^3.0.0:
  version "3.1.1"
  resolved "https://registry.yarnpkg.com/yn/-/yn-3.1.1.tgz#1e87401a09d767c1d5eab26a6e4c185182d2eb50"
  integrity sha512-Ux4ygGWsu2c7isFWe8Yu1YluJmqVhxqK2cLXNQA5AcC3QfbGNpM7fu0Y8b/z16pXLnFxZYvWhd3fhBY9DLmC6Q==
